// !$*UTF8*$!
{
	archiveVersion = 1;
	classes = {
	};
	objectVersion = 46;
	objects = {

/* Begin PBXBuildFile section */
		D919D2ED1AB7495200D77F6C /* QuartzCore.framework in Frameworks */ = {isa = PBXBuildFile; fileRef = D919D2EC1AB7495200D77F6C /* QuartzCore.framework */; };
		D94660F51ABB16800087D347 /* FBShimmeringLayer.m in Sources */ = {isa = PBXBuildFile; fileRef = D94660F21ABB16800087D347 /* FBShimmeringLayer.m */; };
		D94660F61ABB16800087D347 /* FBShimmeringView.m in Sources */ = {isa = PBXBuildFile; fileRef = D94660F41ABB16800087D347 /* FBShimmeringView.m */; };
		D947FA981AC2FE8800021949 /* WeatherManager.m in Sources */ = {isa = PBXBuildFile; fileRef = D947FA971AC2FE8800021949 /* WeatherManager.m */; };
		D947FA9B1AC323A400021949 /* Reachability.m in Sources */ = {isa = PBXBuildFile; fileRef = D947FA9A1AC323A400021949 /* Reachability.m */; };
		D95D3DCD1AC0811F00EFC773 /* Constants.m in Sources */ = {isa = PBXBuildFile; fileRef = D95D3DCC1AC0811F00EFC773 /* Constants.m */; };
		D95D3DD01AC08B0300EFC773 /* WebviewManager.m in Sources */ = {isa = PBXBuildFile; fileRef = D95D3DCF1AC08B0300EFC773 /* WebviewManager.m */; };
		D95D3DD51AC0A0EA00EFC773 /* CoreLocation.framework in Frameworks */ = {isa = PBXBuildFile; fileRef = D95D3DD31AC0A0D700EFC773 /* CoreLocation.framework */; };
		D95D3DD61AC0A0F300EFC773 /* CoreText.framework in Frameworks */ = {isa = PBXBuildFile; fileRef = D9B42B601AB86FFC00F3679C /* CoreText.framework */; };
		D964299D1ABB5C2900DDA435 /* WebViewController.m in Sources */ = {isa = PBXBuildFile; fileRef = D964299C1ABB5C2900DDA435 /* WebViewController.m */; };
		D99CAA101AB76E5F00715D3C /* AppDelegate.m in Sources */ = {isa = PBXBuildFile; fileRef = D99CA9FF1AB76E5F00715D3C /* AppDelegate.m */; };
		D99CAA131AB76E5F00715D3C /* FirstViewController.m in Sources */ = {isa = PBXBuildFile; fileRef = D99CAA061AB76E5F00715D3C /* FirstViewController.m */; };
		D99CAA141AB76E5F00715D3C /* Images.xcassets in Resources */ = {isa = PBXBuildFile; fileRef = D99CAA071AB76E5F00715D3C /* Images.xcassets */; };
		D99CAA161AB76E5F00715D3C /* main.m in Sources */ = {isa = PBXBuildFile; fileRef = D99CAA091AB76E5F00715D3C /* main.m */; };
		D99CAA171AB76E5F00715D3C /* ResultViewController.m in Sources */ = {isa = PBXBuildFile; fileRef = D99CAA0B1AB76E5F00715D3C /* ResultViewController.m */; };
		D99CAA181AB76E5F00715D3C /* TouchPixelColorView.m in Sources */ = {isa = PBXBuildFile; fileRef = D99CAA0D1AB76E5F00715D3C /* TouchPixelColorView.m */; };
		D99CAA191AB76E5F00715D3C /* UIView+ColorOfPoint.m in Sources */ = {isa = PBXBuildFile; fileRef = D99CAA0F1AB76E5F00715D3C /* UIView+ColorOfPoint.m */; };
		D99CAA1C1AB7720100715D3C /* Main.storyboard in Resources */ = {isa = PBXBuildFile; fileRef = D99CAA031AB76E5F00715D3C /* Main.storyboard */; };
		D99CAA1F1AB7722400715D3C /* LaunchScreen.xib in Resources */ = {isa = PBXBuildFile; fileRef = D99CAA1D1AB7722400715D3C /* LaunchScreen.xib */; };
		D99CAA221AB77F8900715D3C /* ColorConstants.m in Sources */ = {isa = PBXBuildFile; fileRef = D99CAA211AB77F8900715D3C /* ColorConstants.m */; };
		D99CAA251AB7897600715D3C /* FitzpatrickType.m in Sources */ = {isa = PBXBuildFile; fileRef = D99CAA241AB7897600715D3C /* FitzpatrickType.m */; };
/* End PBXBuildFile section */

/* Begin PBXFileReference section */
		D919D2EC1AB7495200D77F6C /* QuartzCore.framework */ = {isa = PBXFileReference; lastKnownFileType = wrapper.framework; name = QuartzCore.framework; path = System/Library/Frameworks/QuartzCore.framework; sourceTree = SDKROOT; };
		D94660EF1ABB16800087D347 /* FBShimmering-Prefix.pch */ = {isa = PBXFileReference; fileEncoding = 4; lastKnownFileType = sourcecode.c.h; path = "FBShimmering-Prefix.pch"; sourceTree = "<group>"; };
		D94660F01ABB16800087D347 /* FBShimmering.h */ = {isa = PBXFileReference; fileEncoding = 4; lastKnownFileType = sourcecode.c.h; path = FBShimmering.h; sourceTree = "<group>"; };
		D94660F11ABB16800087D347 /* FBShimmeringLayer.h */ = {isa = PBXFileReference; fileEncoding = 4; lastKnownFileType = sourcecode.c.h; path = FBShimmeringLayer.h; sourceTree = "<group>"; };
		D94660F21ABB16800087D347 /* FBShimmeringLayer.m */ = {isa = PBXFileReference; fileEncoding = 4; lastKnownFileType = sourcecode.c.objc; path = FBShimmeringLayer.m; sourceTree = "<group>"; };
		D94660F31ABB16800087D347 /* FBShimmeringView.h */ = {isa = PBXFileReference; fileEncoding = 4; lastKnownFileType = sourcecode.c.h; path = FBShimmeringView.h; sourceTree = "<group>"; };
		D94660F41ABB16800087D347 /* FBShimmeringView.m */ = {isa = PBXFileReference; fileEncoding = 4; lastKnownFileType = sourcecode.c.objc; path = FBShimmeringView.m; sourceTree = "<group>"; };
		D947AB0A1AB7289C00AEFEC9 /* How Much Sunlight Do You Need.app */ = {isa = PBXFileReference; explicitFileType = wrapper.application; includeInIndex = 0; path = "How Much Sunlight Do You Need.app"; sourceTree = BUILT_PRODUCTS_DIR; };
		D947FA961AC2FE8800021949 /* WeatherManager.h */ = {isa = PBXFileReference; fileEncoding = 4; lastKnownFileType = sourcecode.c.h; path = WeatherManager.h; sourceTree = "<group>"; };
		D947FA971AC2FE8800021949 /* WeatherManager.m */ = {isa = PBXFileReference; fileEncoding = 4; lastKnownFileType = sourcecode.c.objc; path = WeatherManager.m; sourceTree = "<group>"; };
		D947FA991AC323A400021949 /* Reachability.h */ = {isa = PBXFileReference; fileEncoding = 4; lastKnownFileType = sourcecode.c.h; path = Reachability.h; sourceTree = "<group>"; };
		D947FA9A1AC323A400021949 /* Reachability.m */ = {isa = PBXFileReference; fileEncoding = 4; lastKnownFileType = sourcecode.c.objc; path = Reachability.m; sourceTree = "<group>"; };
		D95D3DCB1AC0811F00EFC773 /* Constants.h */ = {isa = PBXFileReference; fileEncoding = 4; lastKnownFileType = sourcecode.c.h; path = Constants.h; sourceTree = "<group>"; };
		D95D3DCC1AC0811F00EFC773 /* Constants.m */ = {isa = PBXFileReference; fileEncoding = 4; lastKnownFileType = sourcecode.c.objc; path = Constants.m; sourceTree = "<group>"; };
		D95D3DCE1AC08B0300EFC773 /* WebviewManager.h */ = {isa = PBXFileReference; fileEncoding = 4; lastKnownFileType = sourcecode.c.h; path = WebviewManager.h; sourceTree = "<group>"; };
		D95D3DCF1AC08B0300EFC773 /* WebviewManager.m */ = {isa = PBXFileReference; fileEncoding = 4; lastKnownFileType = sourcecode.c.objc; path = WebviewManager.m; sourceTree = "<group>"; };
		D95D3DD31AC0A0D700EFC773 /* CoreLocation.framework */ = {isa = PBXFileReference; lastKnownFileType = wrapper.framework; name = CoreLocation.framework; path = System/Library/Frameworks/CoreLocation.framework; sourceTree = SDKROOT; };
		D964299B1ABB5C2900DDA435 /* WebViewController.h */ = {isa = PBXFileReference; fileEncoding = 4; lastKnownFileType = sourcecode.c.h; path = WebViewController.h; sourceTree = "<group>"; };
		D964299C1ABB5C2900DDA435 /* WebViewController.m */ = {isa = PBXFileReference; fileEncoding = 4; lastKnownFileType = sourcecode.c.objc; path = WebViewController.m; sourceTree = "<group>"; };
		D99CA9FE1AB76E5F00715D3C /* AppDelegate.h */ = {isa = PBXFileReference; fileEncoding = 4; lastKnownFileType = sourcecode.c.h; name = AppDelegate.h; path = ColorDetector/AppDelegate.h; sourceTree = SOURCE_ROOT; };
		D99CA9FF1AB76E5F00715D3C /* AppDelegate.m */ = {isa = PBXFileReference; fileEncoding = 4; lastKnownFileType = sourcecode.c.objc; name = AppDelegate.m; path = ColorDetector/AppDelegate.m; sourceTree = SOURCE_ROOT; };
		D99CAA041AB76E5F00715D3C /* Base */ = {isa = PBXFileReference; lastKnownFileType = file.storyboard; name = Base; path = Main.storyboard; sourceTree = "<group>"; };
		D99CAA051AB76E5F00715D3C /* FirstViewController.h */ = {isa = PBXFileReference; fileEncoding = 4; lastKnownFileType = sourcecode.c.h; name = FirstViewController.h; path = ColorDetector/FirstViewController.h; sourceTree = SOURCE_ROOT; };
		D99CAA061AB76E5F00715D3C /* FirstViewController.m */ = {isa = PBXFileReference; fileEncoding = 4; lastKnownFileType = sourcecode.c.objc; name = FirstViewController.m; path = ColorDetector/FirstViewController.m; sourceTree = SOURCE_ROOT; };
		D99CAA071AB76E5F00715D3C /* Images.xcassets */ = {isa = PBXFileReference; lastKnownFileType = folder.assetcatalog; name = Images.xcassets; path = ColorDetector/Images.xcassets; sourceTree = SOURCE_ROOT; };
		D99CAA081AB76E5F00715D3C /* Info.plist */ = {isa = PBXFileReference; fileEncoding = 4; lastKnownFileType = text.plist.xml; name = Info.plist; path = ColorDetector/Info.plist; sourceTree = SOURCE_ROOT; };
		D99CAA091AB76E5F00715D3C /* main.m */ = {isa = PBXFileReference; fileEncoding = 4; lastKnownFileType = sourcecode.c.objc; name = main.m; path = ColorDetector/main.m; sourceTree = SOURCE_ROOT; };
		D99CAA0A1AB76E5F00715D3C /* ResultViewController.h */ = {isa = PBXFileReference; fileEncoding = 4; lastKnownFileType = sourcecode.c.h; name = ResultViewController.h; path = ColorDetector/ResultViewController.h; sourceTree = SOURCE_ROOT; };
		D99CAA0B1AB76E5F00715D3C /* ResultViewController.m */ = {isa = PBXFileReference; fileEncoding = 4; lastKnownFileType = sourcecode.c.objc; name = ResultViewController.m; path = ColorDetector/ResultViewController.m; sourceTree = SOURCE_ROOT; };
		D99CAA0C1AB76E5F00715D3C /* TouchPixelColorView.h */ = {isa = PBXFileReference; fileEncoding = 4; lastKnownFileType = sourcecode.c.h; name = TouchPixelColorView.h; path = ColorDetector/TouchPixelColorView.h; sourceTree = SOURCE_ROOT; };
		D99CAA0D1AB76E5F00715D3C /* TouchPixelColorView.m */ = {isa = PBXFileReference; fileEncoding = 4; lastKnownFileType = sourcecode.c.objc; name = TouchPixelColorView.m; path = ColorDetector/TouchPixelColorView.m; sourceTree = SOURCE_ROOT; };
		D99CAA0E1AB76E5F00715D3C /* UIView+ColorOfPoint.h */ = {isa = PBXFileReference; fileEncoding = 4; lastKnownFileType = sourcecode.c.h; name = "UIView+ColorOfPoint.h"; path = "ColorDetector/UIView+ColorOfPoint.h"; sourceTree = SOURCE_ROOT; };
		D99CAA0F1AB76E5F00715D3C /* UIView+ColorOfPoint.m */ = {isa = PBXFileReference; fileEncoding = 4; lastKnownFileType = sourcecode.c.objc; name = "UIView+ColorOfPoint.m"; path = "ColorDetector/UIView+ColorOfPoint.m"; sourceTree = SOURCE_ROOT; };
		D99CAA1E1AB7722400715D3C /* Base */ = {isa = PBXFileReference; lastKnownFileType = file.xib; name = Base; path = ColorDetector/Base.lproj/LaunchScreen.xib; sourceTree = SOURCE_ROOT; };
		D99CAA201AB77F8900715D3C /* ColorConstants.h */ = {isa = PBXFileReference; fileEncoding = 4; lastKnownFileType = sourcecode.c.h; path = ColorConstants.h; sourceTree = "<group>"; };
		D99CAA211AB77F8900715D3C /* ColorConstants.m */ = {isa = PBXFileReference; fileEncoding = 4; lastKnownFileType = sourcecode.c.objc; path = ColorConstants.m; sourceTree = "<group>"; };
		D99CAA231AB7897600715D3C /* FitzpatrickType.h */ = {isa = PBXFileReference; fileEncoding = 4; lastKnownFileType = sourcecode.c.h; path = FitzpatrickType.h; sourceTree = "<group>"; };
		D99CAA241AB7897600715D3C /* FitzpatrickType.m */ = {isa = PBXFileReference; fileEncoding = 4; lastKnownFileType = sourcecode.c.objc; path = FitzpatrickType.m; sourceTree = "<group>"; };
		D9B42B601AB86FFC00F3679C /* CoreText.framework */ = {isa = PBXFileReference; lastKnownFileType = wrapper.framework; name = CoreText.framework; path = System/Library/Frameworks/CoreText.framework; sourceTree = SDKROOT; };
/* End PBXFileReference section */

/* Begin PBXFrameworksBuildPhase section */
		D947AB071AB7289C00AEFEC9 /* Frameworks */ = {
			isa = PBXFrameworksBuildPhase;
			buildActionMask = 2147483647;
			files = (
				D95D3DD61AC0A0F300EFC773 /* CoreText.framework in Frameworks */,
				D95D3DD51AC0A0EA00EFC773 /* CoreLocation.framework in Frameworks */,
				D919D2ED1AB7495200D77F6C /* QuartzCore.framework in Frameworks */,
			);
			runOnlyForDeploymentPostprocessing = 0;
		};
/* End PBXFrameworksBuildPhase section */

/* Begin PBXGroup section */
		D94660EE1ABB16800087D347 /* FBShimmering */ = {
			isa = PBXGroup;
			children = (
				D94660EF1ABB16800087D347 /* FBShimmering-Prefix.pch */,
				D94660F01ABB16800087D347 /* FBShimmering.h */,
				D94660F11ABB16800087D347 /* FBShimmeringLayer.h */,
				D94660F21ABB16800087D347 /* FBShimmeringLayer.m */,
				D94660F31ABB16800087D347 /* FBShimmeringView.h */,
				D94660F41ABB16800087D347 /* FBShimmeringView.m */,
			);
			path = FBShimmering;
			sourceTree = "<group>";
		};
		D947AB011AB7289C00AEFEC9 = {
			isa = PBXGroup;
			children = (
				D99CAA1A1AB76EC600715D3C /* FitzpatrickSkinTypeDetector */,
				D947AB0B1AB7289C00AEFEC9 /* Products */,
			);
			sourceTree = "<group>";
		};
		D947AB0B1AB7289C00AEFEC9 /* Products */ = {
			isa = PBXGroup;
			children = (
				D947AB0A1AB7289C00AEFEC9 /* How Much Sunlight Do You Need.app */,
			);
			name = Products;
			sourceTree = "<group>";
		};
		D947AB0D1AB7289C00AEFEC9 /* Supporting Files */ = {
			isa = PBXGroup;
			children = (
				D95D3DD21AC0A0B800EFC773 /* Frameworks */,
				D99CAA071AB76E5F00715D3C /* Images.xcassets */,
				D99CAA1D1AB7722400715D3C /* LaunchScreen.xib */,
				D99CAA081AB76E5F00715D3C /* Info.plist */,
				D99CAA091AB76E5F00715D3C /* main.m */,
			);
			name = "Supporting Files";
			path = ColorPicker;
			sourceTree = "<group>";
		};
		D95D3DD21AC0A0B800EFC773 /* Frameworks */ = {
			isa = PBXGroup;
			children = (
				D95D3DD31AC0A0D700EFC773 /* CoreLocation.framework */,
				D9B42B601AB86FFC00F3679C /* CoreText.framework */,
				D919D2EC1AB7495200D77F6C /* QuartzCore.framework */,
			);
			name = Frameworks;
			path = ..;
			sourceTree = "<group>";
		};
		D99CAA1A1AB76EC600715D3C /* FitzpatrickSkinTypeDetector */ = {
			isa = PBXGroup;
			children = (
				D99CA9FE1AB76E5F00715D3C /* AppDelegate.h */,
				D99CA9FF1AB76E5F00715D3C /* AppDelegate.m */,
				D99CAA051AB76E5F00715D3C /* FirstViewController.h */,
				D99CAA061AB76E5F00715D3C /* FirstViewController.m */,
				D99CAA0A1AB76E5F00715D3C /* ResultViewController.h */,
				D99CAA0B1AB76E5F00715D3C /* ResultViewController.m */,
				D95D3DCE1AC08B0300EFC773 /* WebviewManager.h */,
				D95D3DCF1AC08B0300EFC773 /* WebviewManager.m */,
				D947FA961AC2FE8800021949 /* WeatherManager.h */,
				D947FA971AC2FE8800021949 /* WeatherManager.m */,
				D964299B1ABB5C2900DDA435 /* WebViewController.h */,
				D964299C1ABB5C2900DDA435 /* WebViewController.m */,
				D99CAA031AB76E5F00715D3C /* Main.storyboard */,
				D99CAA1B1AB7705500715D3C /* Custom */,
				D947AB0D1AB7289C00AEFEC9 /* Supporting Files */,
			);
			name = FitzpatrickSkinTypeDetector;
			sourceTree = "<group>";
		};
		D99CAA1B1AB7705500715D3C /* Custom */ = {
			isa = PBXGroup;
			children = (
				D95D3DCB1AC0811F00EFC773 /* Constants.h */,
				D95D3DCC1AC0811F00EFC773 /* Constants.m */,
				D947FA991AC323A400021949 /* Reachability.h */,
				D947FA9A1AC323A400021949 /* Reachability.m */,
				D99CAA231AB7897600715D3C /* FitzpatrickType.h */,
				D99CAA241AB7897600715D3C /* FitzpatrickType.m */,
				D94660EE1ABB16800087D347 /* FBShimmering */,
				D99CAA201AB77F8900715D3C /* ColorConstants.h */,
				D99CAA211AB77F8900715D3C /* ColorConstants.m */,
				D99CAA0C1AB76E5F00715D3C /* TouchPixelColorView.h */,
				D99CAA0D1AB76E5F00715D3C /* TouchPixelColorView.m */,
				D99CAA0E1AB76E5F00715D3C /* UIView+ColorOfPoint.h */,
				D99CAA0F1AB76E5F00715D3C /* UIView+ColorOfPoint.m */,
			);
			name = Custom;
			sourceTree = "<group>";
		};
/* End PBXGroup section */

/* Begin PBXNativeTarget section */
		D947AB091AB7289C00AEFEC9 /* How Much Sunlight Do You Need */ = {
			isa = PBXNativeTarget;
			buildConfigurationList = D947AB2D1AB7289C00AEFEC9 /* Build configuration list for PBXNativeTarget "How Much Sunlight Do You Need" */;
			buildPhases = (
				D947AB061AB7289C00AEFEC9 /* Sources */,
				D947AB071AB7289C00AEFEC9 /* Frameworks */,
				D947AB081AB7289C00AEFEC9 /* Resources */,
			);
			buildRules = (
			);
			dependencies = (
			);
			name = "How Much Sunlight Do You Need";
			productName = ColorPicker;
			productReference = D947AB0A1AB7289C00AEFEC9 /* How Much Sunlight Do You Need.app */;
			productType = "com.apple.product-type.application";
		};
/* End PBXNativeTarget section */

/* Begin PBXProject section */
		D947AB021AB7289C00AEFEC9 /* Project object */ = {
			isa = PBXProject;
			attributes = {
				LastUpgradeCheck = 0620;
				ORGANIZATIONNAME = "Terry Bu";
				TargetAttributes = {
					D947AB091AB7289C00AEFEC9 = {
						CreatedOnToolsVersion = 6.2;
						DevelopmentTeam = JJ62WG39RU;
					};
				};
			};
			buildConfigurationList = D947AB051AB7289C00AEFEC9 /* Build configuration list for PBXProject "How Much Sunlight Do You Need" */;
			compatibilityVersion = "Xcode 3.2";
			developmentRegion = English;
			hasScannedForEncodings = 0;
			knownRegions = (
				en,
				Base,
			);
			mainGroup = D947AB011AB7289C00AEFEC9;
			productRefGroup = D947AB0B1AB7289C00AEFEC9 /* Products */;
			projectDirPath = "";
			projectRoot = "";
			targets = (
				D947AB091AB7289C00AEFEC9 /* How Much Sunlight Do You Need */,
			);
		};
/* End PBXProject section */

/* Begin PBXResourcesBuildPhase section */
		D947AB081AB7289C00AEFEC9 /* Resources */ = {
			isa = PBXResourcesBuildPhase;
			buildActionMask = 2147483647;
			files = (
				D99CAA1C1AB7720100715D3C /* Main.storyboard in Resources */,
				D99CAA1F1AB7722400715D3C /* LaunchScreen.xib in Resources */,
				D99CAA141AB76E5F00715D3C /* Images.xcassets in Resources */,
			);
			runOnlyForDeploymentPostprocessing = 0;
		};
/* End PBXResourcesBuildPhase section */

/* Begin PBXSourcesBuildPhase section */
		D947AB061AB7289C00AEFEC9 /* Sources */ = {
			isa = PBXSourcesBuildPhase;
			buildActionMask = 2147483647;
			files = (
				D94660F51ABB16800087D347 /* FBShimmeringLayer.m in Sources */,
				D99CAA221AB77F8900715D3C /* ColorConstants.m in Sources */,
				D99CAA181AB76E5F00715D3C /* TouchPixelColorView.m in Sources */,
				D94660F61ABB16800087D347 /* FBShimmeringView.m in Sources */,
				D947FA9B1AC323A400021949 /* Reachability.m in Sources */,
				D99CAA171AB76E5F00715D3C /* ResultViewController.m in Sources */,
				D964299D1ABB5C2900DDA435 /* WebViewController.m in Sources */,
				D947FA981AC2FE8800021949 /* WeatherManager.m in Sources */,
				D99CAA191AB76E5F00715D3C /* UIView+ColorOfPoint.m in Sources */,
				D99CAA101AB76E5F00715D3C /* AppDelegate.m in Sources */,
				D99CAA161AB76E5F00715D3C /* main.m in Sources */,
				D95D3DD01AC08B0300EFC773 /* WebviewManager.m in Sources */,
				D99CAA131AB76E5F00715D3C /* FirstViewController.m in Sources */,
				D99CAA251AB7897600715D3C /* FitzpatrickType.m in Sources */,
				D95D3DCD1AC0811F00EFC773 /* Constants.m in Sources */,
			);
			runOnlyForDeploymentPostprocessing = 0;
		};
/* End PBXSourcesBuildPhase section */

/* Begin PBXVariantGroup section */
		D99CAA031AB76E5F00715D3C /* Main.storyboard */ = {
			isa = PBXVariantGroup;
			children = (
				D99CAA041AB76E5F00715D3C /* Base */,
			);
			name = Main.storyboard;
			path = ColorDetector/Base.lproj;
			sourceTree = "<group>";
		};
		D99CAA1D1AB7722400715D3C /* LaunchScreen.xib */ = {
			isa = PBXVariantGroup;
			children = (
				D99CAA1E1AB7722400715D3C /* Base */,
			);
			name = LaunchScreen.xib;
			sourceTree = "<group>";
		};
/* End PBXVariantGroup section */

/* Begin XCBuildConfiguration section */
		D947AB2B1AB7289C00AEFEC9 /* Debug */ = {
			isa = XCBuildConfiguration;
			buildSettings = {
				ALWAYS_SEARCH_USER_PATHS = NO;
				CLANG_CXX_LANGUAGE_STANDARD = "gnu++0x";
				CLANG_CXX_LIBRARY = "libc++";
				CLANG_ENABLE_MODULES = YES;
				CLANG_ENABLE_OBJC_ARC = YES;
				CLANG_WARN_BOOL_CONVERSION = YES;
				CLANG_WARN_CONSTANT_CONVERSION = YES;
				CLANG_WARN_DIRECT_OBJC_ISA_USAGE = YES_ERROR;
				CLANG_WARN_EMPTY_BODY = YES;
				CLANG_WARN_ENUM_CONVERSION = YES;
				CLANG_WARN_INT_CONVERSION = YES;
				CLANG_WARN_OBJC_ROOT_CLASS = YES_ERROR;
				CLANG_WARN_UNREACHABLE_CODE = YES;
				CLANG_WARN__DUPLICATE_METHOD_MATCH = YES;
				"CODE_SIGN_IDENTITY[sdk=iphoneos*]" = "iPhone Developer";
				COPY_PHASE_STRIP = NO;
				ENABLE_STRICT_OBJC_MSGSEND = YES;
				GCC_C_LANGUAGE_STANDARD = gnu99;
				GCC_DYNAMIC_NO_PIC = NO;
				GCC_OPTIMIZATION_LEVEL = 0;
				GCC_PREPROCESSOR_DEFINITIONS = (
					"DEBUG=1",
					"$(inherited)",
				);
				GCC_SYMBOLS_PRIVATE_EXTERN = NO;
				GCC_WARN_64_TO_32_BIT_CONVERSION = YES;
				GCC_WARN_ABOUT_RETURN_TYPE = YES_ERROR;
				GCC_WARN_UNDECLARED_SELECTOR = YES;
				GCC_WARN_UNINITIALIZED_AUTOS = YES_AGGRESSIVE;
				GCC_WARN_UNUSED_FUNCTION = YES;
				GCC_WARN_UNUSED_VARIABLE = YES;
				IPHONEOS_DEPLOYMENT_TARGET = 8.2;
				MTL_ENABLE_DEBUG_INFO = YES;
				ONLY_ACTIVE_ARCH = YES;
				SDKROOT = iphoneos;
				TARGETED_DEVICE_FAMILY = "1,2";
			};
			name = Debug;
		};
		D947AB2C1AB7289C00AEFEC9 /* Release */ = {
			isa = XCBuildConfiguration;
			buildSettings = {
				ALWAYS_SEARCH_USER_PATHS = NO;
				CLANG_CXX_LANGUAGE_STANDARD = "gnu++0x";
				CLANG_CXX_LIBRARY = "libc++";
				CLANG_ENABLE_MODULES = YES;
				CLANG_ENABLE_OBJC_ARC = YES;
				CLANG_WARN_BOOL_CONVERSION = YES;
				CLANG_WARN_CONSTANT_CONVERSION = YES;
				CLANG_WARN_DIRECT_OBJC_ISA_USAGE = YES_ERROR;
				CLANG_WARN_EMPTY_BODY = YES;
				CLANG_WARN_ENUM_CONVERSION = YES;
				CLANG_WARN_INT_CONVERSION = YES;
				CLANG_WARN_OBJC_ROOT_CLASS = YES_ERROR;
				CLANG_WARN_UNREACHABLE_CODE = YES;
				CLANG_WARN__DUPLICATE_METHOD_MATCH = YES;
				"CODE_SIGN_IDENTITY[sdk=iphoneos*]" = "iPhone Developer";
				COPY_PHASE_STRIP = NO;
				ENABLE_NS_ASSERTIONS = NO;
				ENABLE_STRICT_OBJC_MSGSEND = YES;
				GCC_C_LANGUAGE_STANDARD = gnu99;
				GCC_WARN_64_TO_32_BIT_CONVERSION = YES;
				GCC_WARN_ABOUT_RETURN_TYPE = YES_ERROR;
				GCC_WARN_UNDECLARED_SELECTOR = YES;
				GCC_WARN_UNINITIALIZED_AUTOS = YES_AGGRESSIVE;
				GCC_WARN_UNUSED_FUNCTION = YES;
				GCC_WARN_UNUSED_VARIABLE = YES;
				IPHONEOS_DEPLOYMENT_TARGET = 8.2;
				MTL_ENABLE_DEBUG_INFO = NO;
				SDKROOT = iphoneos;
				TARGETED_DEVICE_FAMILY = "1,2";
				VALIDATE_PRODUCT = YES;
			};
			name = Release;
		};
		D947AB2E1AB7289C00AEFEC9 /* Debug */ = {
			isa = XCBuildConfiguration;
			buildSettings = {
				ASSETCATALOG_COMPILER_APPICON_NAME = AppIcon;
				CODE_SIGN_IDENTITY = "iPhone Developer";
				INFOPLIST_FILE = "$(SRCROOT)/ColorDetector/Info.plist";
				LD_RUNPATH_SEARCH_PATHS = "$(inherited) @executable_path/Frameworks";
				PRODUCT_NAME = "How Much Sunlight Do You Need";
			};
			name = Debug;
		};
		D947AB2F1AB7289C00AEFEC9 /* Release */ = {
			isa = XCBuildConfiguration;
			buildSettings = {
				ASSETCATALOG_COMPILER_APPICON_NAME = AppIcon;
				CODE_SIGN_IDENTITY = "iPhone Developer";
				INFOPLIST_FILE = "$(SRCROOT)/ColorDetector/Info.plist";
				LD_RUNPATH_SEARCH_PATHS = "$(inherited) @executable_path/Frameworks";
				PRODUCT_NAME = "How Much Sunlight Do You Need";
			};
			name = Release;
		};
/* End XCBuildConfiguration section */

/* Begin XCConfigurationList section */
		D947AB051AB7289C00AEFEC9 /* Build configuration list for PBXProject "How Much Sunlight Do You Need" */ = {
			isa = XCConfigurationList;
			buildConfigurations = (
				D947AB2B1AB7289C00AEFEC9 /* Debug */,
				D947AB2C1AB7289C00AEFEC9 /* Release */,
			);
			defaultConfigurationIsVisible = 0;
			defaultConfigurationName = Release;
		};
		D947AB2D1AB7289C00AEFEC9 /* Build configuration list for PBXNativeTarget "How Much Sunlight Do You Need" */ = {
			isa = XCConfigurationList;
			buildConfigurations = (
				D947AB2E1AB7289C00AEFEC9 /* Debug */,
				D947AB2F1AB7289C00AEFEC9 /* Release */,
			);
			defaultConfigurationIsVisible = 0;
			defaultConfigurationName = Release;
		};
/* End XCConfigurationList section */
	};
	rootObject = D947AB021AB7289C00AEFEC9 /* Project object */;
}
